
Microsoft Visual Studio Solution File, Format Version 12.00
# Visual Studio Version 17
VisualStudioVersion = 17.3.32929.385
MinimumVisualStudioVersion = 10.0.40219.1
Project("{FAE04EC0-301F-11D3-BF4B-00C04F79EFBC}") = "MvcDb", "MvcDb\MvcDb.csproj", "{8C133FC9-5220-492C-BEFD-8AC7F6247572}"
EndProject
Global
	GlobalSection(SolutionConfigurationPlatforms) = preSolution
		Debug|Any CPU = Debug|Any CPU
		Release|Any CPU = Release|Any CPU
	EndGlobalSection
	GlobalSection(ProjectConfigurationPlatforms) = postSolution
		{8C133FC9-5220-492C-BEFD-8AC7F6247572}.Debug|Any CPU.ActiveCfg = Debug|Any CPU
		{8C133FC9-5220-492C-BEFD-8AC7F6247572}.Debug|Any CPU.Build.0 = Debug|Any CPU
		{8C133FC9-5220-492C-BEFD-8AC7F6247572}.Release|Any CPU.ActiveCfg = Release|Any CPU
		{8C133FC9-5220-492C-BEFD-8AC7F6247572}.Release|Any CPU.Build.0 = Release|Any CPU
	EndGlobalSection
	GlobalSection(SolutionProperties) = preSolution
		HideSolutionNode = FALSE
	EndGlobalSection
	GlobalSection(ExtensibilityGlobals) = postSolution
		SolutionGuid = {7CBBEA95-A5FF-421A-82AC-D65CE42F5651}
	EndGlobalSection
EndGlobal
